github.com/shandysiswandi/go-hello v1.0.0 h1:7aGj7wMbpNgSSu3HFsB2k4dRjnMVUUx7i7wXEAVMFWk=
github.com/shandysiswandi/go-hello v1.0.0/go.mod h1:MWbKCMseUsFs3FYY7pc/diOizfwpdgm4dr7qbeNZi5s=
github.com/shandysiswandi/go-hello v1.0.1 h1:Zz4Xs3Bg/X3RHpE1QInYpHjfxSJBgIu0gUYr2R0y6P8=
github.com/shandysiswandi/go-hello v1.0.1/go.mod h1:MWbKCMseUsFs3FYY7pc/diOizfwpdgm4dr7qbeNZi5s=
